<?xml version="1.0" encoding="utf-8"?>
<Project ToolsVersion="4.0" xmlns="http://schemas.microsoft.com/developer/msbuild/2003">
  <ItemGroup>
    <Filter Include="Quelldateien">
      <UniqueIdentifier>{4FC737F1-C7A5-4376-A066-2A32D752A2FF}</UniqueIdentifier>
      <Extensions>cpp;c;cc;cxx;def;odl;idl;hpj;bat;asm;asmx</Extensions>
    </Filter>
    <Filter Include="Headerdateien">
      <UniqueIdentifier>{93995380-89BD-4b04-88EB-625FBE52EBFB}</UniqueIdentifier>
      <Extensions>h;hh;hpp;hxx;hm;inl;inc;xsd</Extensions>
    </Filter>
    <Filter Include="Ressourcendateien">
      <UniqueIdentifier>{67DA6AB6-F800-4c08-8B7A-83BB121AAD01}</UniqueIdentifier>
      <Extensions>rc;ico;cur;bmp;dlg;rc2;rct;bin;rgs;gif;jpg;jpeg;jpe;resx;tiff;tif;png;wav;mfcribbon-ms</Extensions>
    </Filter>
  </ItemGroup>
  <ItemGroup>
    <ClCompile Include="ComptrollerConsole.cpp">
      <Filter>Quelldateien</Filter>
    </ClCompile>
    <ClCompile Include="StdAfx.cpp">
      <Filter>Quelldateien</Filter>
    </ClCompile>
    <ClCompile Include="lib\MSI Afterburner\MSIAfterBurnerPlugin.cpp">
      <Filter>Quelldateien</Filter>
    </ClCompile>
    <ClCompile Include="lib\Measurements\Measurements.cpp">
      <Filter>Quelldateien</Filter>
    </ClCompile>
    <ClCompile Include="lib\AIDA\AIDA.cpp">
      <Filter>Quelldateien</Filter>
    </ClCompile>
    <ClCompile Include="lib\tinyxml2\tinyxml2.cpp">
      <Filter>Quelldateien</Filter>
    </ClCompile>
    <ClCompile Include="lib\UART\UART.cpp">
      <Filter>Quelldateien</Filter>
    </ClCompile>
    <ClCompile Include="lib\LED\LED.cpp">
      <Filter>Quelldateien</Filter>
    </ClCompile>
    <ClCompile Include="lib\LED\LEDController.cpp">
      <Filter>Quelldateien</Filter>
    </ClCompile>
  </ItemGroup>
  <ItemGroup>
    <ClInclude Include="StdAfx.h">
      <Filter>Headerdateien</Filter>
    </ClInclude>
    <ClInclude Include="targetver.h">
      <Filter>Headerdateien</Filter>
    </ClInclude>
    <ClInclude Include="lib\MSI Afterburner\MSIAfterBurnerPlugin.h">
      <Filter>Headerdateien</Filter>
    </ClInclude>
    <ClInclude Include="lib\Measurements\Measurements.h">
      <Filter>Headerdateien</Filter>
    </ClInclude>
    <ClInclude Include="lib\AIDA\AIDA.h">
      <Filter>Headerdateien</Filter>
    </ClInclude>
    <ClInclude Include="lib\AIDA\MAHMSharedMemory.h">
      <Filter>Headerdateien</Filter>
    </ClInclude>
    <ClInclude Include="lib\tinyxml2\tinyxml2.h">
      <Filter>Headerdateien</Filter>
    </ClInclude>
    <ClInclude Include="lib\UART\UART.h">
      <Filter>Headerdateien</Filter>
    </ClInclude>
    <ClInclude Include="lib\LED\LED.h">
      <Filter>Headerdateien</Filter>
    </ClInclude>
    <ClInclude Include="lib\LED\LEDController.h">
      <Filter>Headerdateien</Filter>
    </ClInclude>
    <ClInclude Include="lib\LED\WS2812_Definitions.h">
      <Filter>Headerdateien</Filter>
    </ClInclude>
  </ItemGroup>
</Project>